
Microsoft Visual Studio Solution File, Format Version 12.00
# Visual Studio Version 16
VisualStudioVersion = 16.0.31019.35
MinimumVisualStudioVersion = 10.0.40219.1
Project("{FAE04EC0-301F-11D3-BF4B-00C04F79EFBC}") = "MyWCFLib", "MyWCFLib\MyWCFLib.csproj", "{F50642C2-3047-449C-BCB4-7C0E9141A854}"
EndProject
Project("{FAE04EC0-301F-11D3-BF4B-00C04F79EFBC}") = "MyWCFLibHost", "MyWCFLibHost\MyWCFLibHost.csproj", "{1620DE54-BB61-41A4-A673-5C3C9B6C9E26}"
EndProject
Global
	GlobalSection(SolutionConfigurationPlatforms) = preSolution
		Debug|Any CPU = Debug|Any CPU
		Release|Any CPU = Release|Any CPU
	EndGlobalSection
	GlobalSection(ProjectConfigurationPlatforms) = postSolution
		{F50642C2-3047-449C-BCB4-7C0E9141A854}.Debug|Any CPU.ActiveCfg = Debug|Any CPU
		{F50642C2-3047-449C-BCB4-7C0E9141A854}.Debug|Any CPU.Build.0 = Debug|Any CPU
		{F50642C2-3047-449C-BCB4-7C0E9141A854}.Release|Any CPU.ActiveCfg = Release|Any CPU
		{F50642C2-3047-449C-BCB4-7C0E9141A854}.Release|Any CPU.Build.0 = Release|Any CPU
		{1620DE54-BB61-41A4-A673-5C3C9B6C9E26}.Debug|Any CPU.ActiveCfg = Debug|Any CPU
		{1620DE54-BB61-41A4-A673-5C3C9B6C9E26}.Debug|Any CPU.Build.0 = Debug|Any CPU
		{1620DE54-BB61-41A4-A673-5C3C9B6C9E26}.Release|Any CPU.ActiveCfg = Release|Any CPU
		{1620DE54-BB61-41A4-A673-5C3C9B6C9E26}.Release|Any CPU.Build.0 = Release|Any CPU
	EndGlobalSection
	GlobalSection(SolutionProperties) = preSolution
		HideSolutionNode = FALSE
	EndGlobalSection
	GlobalSection(ExtensibilityGlobals) = postSolution
		SolutionGuid = {1B4EC02F-DFEA-4A79-8BB0-9C63AD09FE9D}
	EndGlobalSection
EndGlobal
